{
  "nodes": {
    "nixpkgs": {
      "locked": {
        "lastModified": 1640601281,
        "narHash": "sha256-mwAgJAu46lMo4xRXR0Z6HgSpMabodVxH3GGryjtlcgI=",
        "owner": "NixOS",
        "repo": "nixpkgs",
        "rev": "dd32786e23b978b4df70d5e12515151d860b7865",
        "type": "github"
      },
      "original": {
        "owner": "NixOS",
        "ref": "master",
        "repo": "nixpkgs",
        "type": "github"
      }
    },
    "root": {
      "inputs": {
        "nixpkgs": "nixpkgs"
      }
    }
  },
  "root": "root",
  "version": 7
}
